
Microsoft Visual Studio Solution File, Format Version 12.00
# Visual Studio Version 17
VisualStudioVersion = 17.5.33516.290
MinimumVisualStudioVersion = 10.0.40219.1
Project("{FAE04EC0-301F-11D3-BF4B-00C04F79EFBC}") = "CurrencyExchange.Api", "src\CurrencyExchange.Api\CurrencyExchange.Api.csproj", "{D4ADDBF2-87C9-4EBA-9C74-FF67986735A0}"
EndProject
Project("{FAE04EC0-301F-11D3-BF4B-00C04F79EFBC}") = "CurrencyExchange.Domain", "src\CurrencyExchange.Domain\CurrencyExchange.Domain.csproj", "{AA411DDC-E44D-4AA0-82CC-7D3496DFB55B}"
EndProject
Project("{FAE04EC0-301F-11D3-BF4B-00C04F79EFBC}") = "CurrencyExchange.Service", "src\CurrencyExchange.Service\CurrencyExchange.Service.csproj", "{C296D8D2-B90D-4B70-A568-65B1774BB706}"
EndProject
Project("{2150E333-8FDC-42A3-9474-1A3956D46DE8}") = "src", "src", "{CF505101-E783-473A-AFCB-3C4150251CF8}"
EndProject
Project("{2150E333-8FDC-42A3-9474-1A3956D46DE8}") = "test", "test", "{C5AF89AE-B8B0-4CB3-8552-4C405557364A}"
EndProject
Project("{FAE04EC0-301F-11D3-BF4B-00C04F79EFBC}") = "CurrencyExchange.Repository", "src\CurrencyExchange.Repository\CurrencyExchange.Repository.csproj", "{0F8FE6E1-4541-47EB-BD8E-35E30C4AF9DD}"
EndProject
Project("{FAE04EC0-301F-11D3-BF4B-00C04F79EFBC}") = "CurrencyExchange.Test", "test\CurrencyExchange.Test.csproj", "{55915A06-0462-4CCD-BDA8-A20AAE7C1379}"
EndProject
Global
	GlobalSection(SolutionConfigurationPlatforms) = preSolution
		Debug|Any CPU = Debug|Any CPU
		Release|Any CPU = Release|Any CPU
	EndGlobalSection
	GlobalSection(ProjectConfigurationPlatforms) = postSolution
		{D4ADDBF2-87C9-4EBA-9C74-FF67986735A0}.Debug|Any CPU.ActiveCfg = Debug|Any CPU
		{D4ADDBF2-87C9-4EBA-9C74-FF67986735A0}.Debug|Any CPU.Build.0 = Debug|Any CPU
		{D4ADDBF2-87C9-4EBA-9C74-FF67986735A0}.Release|Any CPU.ActiveCfg = Release|Any CPU
		{D4ADDBF2-87C9-4EBA-9C74-FF67986735A0}.Release|Any CPU.Build.0 = Release|Any CPU
		{AA411DDC-E44D-4AA0-82CC-7D3496DFB55B}.Debug|Any CPU.ActiveCfg = Debug|Any CPU
		{AA411DDC-E44D-4AA0-82CC-7D3496DFB55B}.Debug|Any CPU.Build.0 = Debug|Any CPU
		{AA411DDC-E44D-4AA0-82CC-7D3496DFB55B}.Release|Any CPU.ActiveCfg = Release|Any CPU
		{AA411DDC-E44D-4AA0-82CC-7D3496DFB55B}.Release|Any CPU.Build.0 = Release|Any CPU
		{C296D8D2-B90D-4B70-A568-65B1774BB706}.Debug|Any CPU.ActiveCfg = Debug|Any CPU
		{C296D8D2-B90D-4B70-A568-65B1774BB706}.Debug|Any CPU.Build.0 = Debug|Any CPU
		{C296D8D2-B90D-4B70-A568-65B1774BB706}.Release|Any CPU.ActiveCfg = Release|Any CPU
		{C296D8D2-B90D-4B70-A568-65B1774BB706}.Release|Any CPU.Build.0 = Release|Any CPU
		{0F8FE6E1-4541-47EB-BD8E-35E30C4AF9DD}.Debug|Any CPU.ActiveCfg = Debug|Any CPU
		{0F8FE6E1-4541-47EB-BD8E-35E30C4AF9DD}.Debug|Any CPU.Build.0 = Debug|Any CPU
		{0F8FE6E1-4541-47EB-BD8E-35E30C4AF9DD}.Release|Any CPU.ActiveCfg = Release|Any CPU
		{0F8FE6E1-4541-47EB-BD8E-35E30C4AF9DD}.Release|Any CPU.Build.0 = Release|Any CPU
		{55915A06-0462-4CCD-BDA8-A20AAE7C1379}.Debug|Any CPU.ActiveCfg = Debug|Any CPU
		{55915A06-0462-4CCD-BDA8-A20AAE7C1379}.Debug|Any CPU.Build.0 = Debug|Any CPU
		{55915A06-0462-4CCD-BDA8-A20AAE7C1379}.Release|Any CPU.ActiveCfg = Release|Any CPU
		{55915A06-0462-4CCD-BDA8-A20AAE7C1379}.Release|Any CPU.Build.0 = Release|Any CPU
	EndGlobalSection
	GlobalSection(SolutionProperties) = preSolution
		HideSolutionNode = FALSE
	EndGlobalSection
	GlobalSection(NestedProjects) = preSolution
		{D4ADDBF2-87C9-4EBA-9C74-FF67986735A0} = {CF505101-E783-473A-AFCB-3C4150251CF8}
		{AA411DDC-E44D-4AA0-82CC-7D3496DFB55B} = {CF505101-E783-473A-AFCB-3C4150251CF8}
		{C296D8D2-B90D-4B70-A568-65B1774BB706} = {CF505101-E783-473A-AFCB-3C4150251CF8}
		{0F8FE6E1-4541-47EB-BD8E-35E30C4AF9DD} = {CF505101-E783-473A-AFCB-3C4150251CF8}
		{55915A06-0462-4CCD-BDA8-A20AAE7C1379} = {C5AF89AE-B8B0-4CB3-8552-4C405557364A}
	EndGlobalSection
	GlobalSection(ExtensibilityGlobals) = postSolution
		SolutionGuid = {89A7E298-B6F8-457A-942D-53C21F758F70}
	EndGlobalSection
EndGlobal
